
Microsoft Visual Studio Solution File, Format Version 12.00
# Visual Studio Version 17
VisualStudioVersion = 17.6.33723.286
MinimumVisualStudioVersion = 10.0.40219.1
Project("{FAE04EC0-301F-11D3-BF4B-00C04F79EFBC}") = "WindowsFormsNotePad", "WindowsFormsNotePad.csproj", "{D56835D5-38F7-4F33-B01B-8C6261F4CFDE}"
EndProject
Global
	GlobalSection(SolutionConfigurationPlatforms) = preSolution
		Debug|Any CPU = Debug|Any CPU
		Release|Any CPU = Release|Any CPU
	EndGlobalSection
	GlobalSection(ProjectConfigurationPlatforms) = postSolution
		{D56835D5-38F7-4F33-B01B-8C6261F4CFDE}.Debug|Any CPU.ActiveCfg = Debug|Any CPU
		{D56835D5-38F7-4F33-B01B-8C6261F4CFDE}.Debug|Any CPU.Build.0 = Debug|Any CPU
		{D56835D5-38F7-4F33-B01B-8C6261F4CFDE}.Release|Any CPU.ActiveCfg = Release|Any CPU
		{D56835D5-38F7-4F33-B01B-8C6261F4CFDE}.Release|Any CPU.Build.0 = Release|Any CPU
	EndGlobalSection
	GlobalSection(SolutionProperties) = preSolution
		HideSolutionNode = FALSE
	EndGlobalSection
	GlobalSection(ExtensibilityGlobals) = postSolution
		SolutionGuid = {905C70F5-06B5-4601-920B-F9C3D2F77833}
	EndGlobalSection
EndGlobal
